
Microsoft Visual Studio Solution File, Format Version 12.00
# Visual Studio Version 17
VisualStudioVersion = 17.12.35527.113 d17.12
MinimumVisualStudioVersion = 10.0.40219.1
Project("{FAE04EC0-301F-11D3-BF4B-00C04F79EFBC}") = "YFImageDeck", "YFImageDeck.csproj", "{EFDFF2C2-18E4-46CB-938A-496AB45F1EAC}"
EndProject
Global
	GlobalSection(SolutionConfigurationPlatforms) = preSolution
		Debug|Any CPU = Debug|Any CPU
		Release|Any CPU = Release|Any CPU
	EndGlobalSection
	GlobalSection(ProjectConfigurationPlatforms) = postSolution
		{EFDFF2C2-18E4-46CB-938A-496AB45F1EAC}.Debug|Any CPU.ActiveCfg = Debug|Any CPU
		{EFDFF2C2-18E4-46CB-938A-496AB45F1EAC}.Debug|Any CPU.Build.0 = Debug|Any CPU
		{EFDFF2C2-18E4-46CB-938A-496AB45F1EAC}.Release|Any CPU.ActiveCfg = Release|Any CPU
		{EFDFF2C2-18E4-46CB-938A-496AB45F1EAC}.Release|Any CPU.Build.0 = Release|Any CPU
	EndGlobalSection
	GlobalSection(SolutionProperties) = preSolution
		HideSolutionNode = FALSE
	EndGlobalSection
EndGlobal
