
Microsoft Visual Studio Solution File, Format Version 12.00
# Visual Studio Version 16
VisualStudioVersion = 16.0.33130.400
MinimumVisualStudioVersion = 10.0.40219.1
Project("{FAE04EC0-301F-11D3-BF4B-00C04F79EFBC}") = "YFImageDeck", "YFImageDeck\YFImageDeck.csproj", "{A1F1BFD3-8BB7-441A-BF6F-CB5E4BB379FB}"
EndProject
Global
	GlobalSection(SolutionConfigurationPlatforms) = preSolution
		Debug|Any CPU = Debug|Any CPU
		Release|Any CPU = Release|Any CPU
	EndGlobalSection
	GlobalSection(ProjectConfigurationPlatforms) = postSolution
		{A1F1BFD3-8BB7-441A-BF6F-CB5E4BB379FB}.Debug|Any CPU.ActiveCfg = Debug|Any CPU
		{A1F1BFD3-8BB7-441A-BF6F-CB5E4BB379FB}.Debug|Any CPU.Build.0 = Debug|Any CPU
		{A1F1BFD3-8BB7-441A-BF6F-CB5E4BB379FB}.Release|Any CPU.ActiveCfg = Release|Any CPU
		{A1F1BFD3-8BB7-441A-BF6F-CB5E4BB379FB}.Release|Any CPU.Build.0 = Release|Any CPU
	EndGlobalSection
	GlobalSection(SolutionProperties) = preSolution
		HideSolutionNode = FALSE
	EndGlobalSection
	GlobalSection(ExtensibilityGlobals) = postSolution
		SolutionGuid = {32688722-A4DA-4568-ADC7-806B8A4E9927}
	EndGlobalSection
EndGlobal
